// !$*UTF8*$!
{
	archiveVersion = 1;
	classes = {
	};
	objectVersion = 46;
	objects = {

/* Begin PBXBuildFile section */
		9ACFF93D1E230F3B009C3E8B /* main.m in Sources */ = {isa = PBXBuildFile; fileRef = 9ACFF93C1E230F3B009C3E8B /* main.m */; };
		9ACFF9401E230F3B009C3E8B /* AppDelegate.m in Sources */ = {isa = PBXBuildFile; fileRef = 9ACFF93F1E230F3B009C3E8B /* AppDelegate.m */; };
		9ACFF9461E230F3B009C3E8B /* Main.storyboard in Resources */ = {isa = PBXBuildFile; fileRef = 9ACFF9441E230F3B009C3E8B /* Main.storyboard */; };
		9ACFF9481E230F3B009C3E8B /* Assets.xcassets in Resources */ = {isa = PBXBuildFile; fileRef = 9ACFF9471E230F3B009C3E8B /* Assets.xcassets */; };
		9ACFF94B1E230F3B009C3E8B /* LaunchScreen.storyboard in Resources */ = {isa = PBXBuildFile; fileRef = 9ACFF9491E230F3B009C3E8B /* LaunchScreen.storyboard */; };
		9ACFF9561E230F3B009C3E8B /* FFTests.m in Sources */ = {isa = PBXBuildFile; fileRef = 9ACFF9551E230F3B009C3E8B /* FFTests.m */; };
		9ACFF9611E230F3B009C3E8B /* FFUITests.m in Sources */ = {isa = PBXBuildFile; fileRef = 9ACFF9601E230F3B009C3E8B /* FFUITests.m */; };
		9ACFF9961E231260009C3E8B /* QRView.m in Sources */ = {isa = PBXBuildFile; fileRef = 9ACFF9911E231260009C3E8B /* QRView.m */; };
		9ACFF9971E231260009C3E8B /* scanLine@2x.png in Resources */ = {isa = PBXBuildFile; fileRef = 9ACFF9921E231260009C3E8B /* scanLine@2x.png */; };
		9ACFF9981E231260009C3E8B /* scanscanBg.png in Resources */ = {isa = PBXBuildFile; fileRef = 9ACFF9931E231260009C3E8B /* scanscanBg.png */; };
		9ACFF9991E231260009C3E8B /* UIImage+QRCode.m in Sources */ = {isa = PBXBuildFile; fileRef = 9ACFF9951E231260009C3E8B /* UIImage+QRCode.m */; };
		9ACFF99C1E231296009C3E8B /* ViewController.m in Sources */ = {isa = PBXBuildFile; fileRef = 9ACFF99B1E231296009C3E8B /* ViewController.m */; };
		9ACFF9A91E231435009C3E8B /* GlobalHelp.m in Sources */ = {isa = PBXBuildFile; fileRef = 9ACFF99F1E231434009C3E8B /* GlobalHelp.m */; };
		9ACFF9AA1E231435009C3E8B /* HTTPClient.m in Sources */ = {isa = PBXBuildFile; fileRef = 9ACFF9A11E231434009C3E8B /* HTTPClient.m */; };
		9ACFF9AB1E231435009C3E8B /* McryptHelp.m in Sources */ = {isa = PBXBuildFile; fileRef = 9ACFF9A31E231435009C3E8B /* McryptHelp.m */; };
		9ACFF9AC1E231435009C3E8B /* Podfile in Resources */ = {isa = PBXBuildFile; fileRef = 9ACFF9A41E231435009C3E8B /* Podfile */; };
		9ACFF9AD1E231435009C3E8B /* UIView+hud.m in Sources */ = {isa = PBXBuildFile; fileRef = 9ACFF9A61E231435009C3E8B /* UIView+hud.m */; };
		9ACFF9AE1E231435009C3E8B /* UIViewController+hud.m in Sources */ = {isa = PBXBuildFile; fileRef = 9ACFF9A81E231435009C3E8B /* UIViewController+hud.m */; };
/* End PBXBuildFile section */

/* Begin PBXContainerItemProxy section */
		9ACFF9521E230F3B009C3E8B /* PBXContainerItemProxy */ = {
			isa = PBXContainerItemProxy;
			containerPortal = 9ACFF9301E230F3B009C3E8B /* Project object */;
			proxyType = 1;
			remoteGlobalIDString = 9ACFF9371E230F3B009C3E8B;
			remoteInfo = FF;
		};
		9ACFF95D1E230F3B009C3E8B /* PBXContainerItemProxy */ = {
			isa = PBXContainerItemProxy;
			containerPortal = 9ACFF9301E230F3B009C3E8B /* Project object */;
			proxyType = 1;
			remoteGlobalIDString = 9ACFF9371E230F3B009C3E8B;
			remoteInfo = FF;
		};
/* End PBXContainerItemProxy section */

/* Begin PBXFileReference section */
		9ACFF9381E230F3B009C3E8B /* FF.app */ = {isa = PBXFileReference; explicitFileType = wrapper.application; includeInIndex = 0; path = FF.app; sourceTree = BUILT_PRODUCTS_DIR; };
		9ACFF93C1E230F3B009C3E8B /* main.m */ = {isa = PBXFileReference; lastKnownFileType = sourcecode.c.objc; path = main.m; sourceTree = "<group>"; };
		9ACFF93E1E230F3B009C3E8B /* AppDelegate.h */ = {isa = PBXFileReference; lastKnownFileType = sourcecode.c.h; path = AppDelegate.h; sourceTree = "<group>"; };
		9ACFF93F1E230F3B009C3E8B /* AppDelegate.m */ = {isa = PBXFileReference; lastKnownFileType = sourcecode.c.objc; path = AppDelegate.m; sourceTree = "<group>"; };
		9ACFF9451E230F3B009C3E8B /* Base */ = {isa = PBXFileReference; lastKnownFileType = file.storyboard; name = Base; path = Base.lproj/Main.storyboard; sourceTree = "<group>"; };
		9ACFF9471E230F3B009C3E8B /* Assets.xcassets */ = {isa = PBXFileReference; lastKnownFileType = folder.assetcatalog; path = Assets.xcassets; sourceTree = "<group>"; };
		9ACFF94A1E230F3B009C3E8B /* Base */ = {isa = PBXFileReference; lastKnownFileType = file.storyboard; name = Base; path = Base.lproj/LaunchScreen.storyboard; sourceTree = "<group>"; };
		9ACFF94C1E230F3B009C3E8B /* Info.plist */ = {isa = PBXFileReference; lastKnownFileType = text.plist.xml; path = Info.plist; sourceTree = "<group>"; };
		9ACFF9511E230F3B009C3E8B /* FFTests.xctest */ = {isa = PBXFileReference; explicitFileType = wrapper.cfbundle; includeInIndex = 0; path = FFTests.xctest; sourceTree = BUILT_PRODUCTS_DIR; };
		9ACFF9551E230F3B009C3E8B /* FFTests.m */ = {isa = PBXFileReference; lastKnownFileType = sourcecode.c.objc; path = FFTests.m; sourceTree = "<group>"; };
		9ACFF9571E230F3B009C3E8B /* Info.plist */ = {isa = PBXFileReference; lastKnownFileType = text.plist.xml; path = Info.plist; sourceTree = "<group>"; };
		9ACFF95C1E230F3B009C3E8B /* FFUITests.xctest */ = {isa = PBXFileReference; explicitFileType = wrapper.cfbundle; includeInIndex = 0; path = FFUITests.xctest; sourceTree = BUILT_PRODUCTS_DIR; };
		9ACFF9601E230F3B009C3E8B /* FFUITests.m */ = {isa = PBXFileReference; lastKnownFileType = sourcecode.c.objc; path = FFUITests.m; sourceTree = "<group>"; };
		9ACFF9621E230F3B009C3E8B /* Info.plist */ = {isa = PBXFileReference; lastKnownFileType = text.plist.xml; path = Info.plist; sourceTree = "<group>"; };
		9ACFF9901E231260009C3E8B /* QRView.h */ = {isa = PBXFileReference; fileEncoding = 4; lastKnownFileType = sourcecode.c.h; path = QRView.h; sourceTree = "<group>"; };
		9ACFF9911E231260009C3E8B /* QRView.m */ = {isa = PBXFileReference; fileEncoding = 4; lastKnownFileType = sourcecode.c.objc; path = QRView.m; sourceTree = "<group>"; };
		9ACFF9921E231260009C3E8B /* scanLine@2x.png */ = {isa = PBXFileReference; lastKnownFileType = image.png; path = "scanLine@2x.png"; sourceTree = "<group>"; };
		9ACFF9931E231260009C3E8B /* scanscanBg.png */ = {isa = PBXFileReference; lastKnownFileType = image.png; path = scanscanBg.png; sourceTree = "<group>"; };
		9ACFF9941E231260009C3E8B /* UIImage+QRCode.h */ = {isa = PBXFileReference; fileEncoding = 4; lastKnownFileType = sourcecode.c.h; path = "UIImage+QRCode.h"; sourceTree = "<group>"; };
		9ACFF9951E231260009C3E8B /* UIImage+QRCode.m */ = {isa = PBXFileReference; fileEncoding = 4; lastKnownFileType = sourcecode.c.objc; path = "UIImage+QRCode.m"; sourceTree = "<group>"; };
		9ACFF99A1E231296009C3E8B /* ViewController.h */ = {isa = PBXFileReference; fileEncoding = 4; lastKnownFileType = sourcecode.c.h; path = ViewController.h; sourceTree = "<group>"; };
		9ACFF99B1E231296009C3E8B /* ViewController.m */ = {isa = PBXFileReference; fileEncoding = 4; lastKnownFileType = sourcecode.c.objc; path = ViewController.m; sourceTree = "<group>"; };
		9ACFF99E1E231434009C3E8B /* GlobalHelp.h */ = {isa = PBXFileReference; fileEncoding = 4; lastKnownFileType = sourcecode.c.h; path = GlobalHelp.h; sourceTree = "<group>"; };
		9ACFF99F1E231434009C3E8B /* GlobalHelp.m */ = {isa = PBXFileReference; fileEncoding = 4; lastKnownFileType = sourcecode.c.objc; path = GlobalHelp.m; sourceTree = "<group>"; };
		9ACFF9A01E231434009C3E8B /* HTTPClient.h */ = {isa = PBXFileReference; fileEncoding = 4; lastKnownFileType = sourcecode.c.h; path = HTTPClient.h; sourceTree = "<group>"; };
		9ACFF9A11E231434009C3E8B /* HTTPClient.m */ = {isa = PBXFileReference; fileEncoding = 4; lastKnownFileType = sourcecode.c.objc; path = HTTPClient.m; sourceTree = "<group>"; };
		9ACFF9A21E231434009C3E8B /* McryptHelp.h */ = {isa = PBXFileReference; fileEncoding = 4; lastKnownFileType = sourcecode.c.h; path = McryptHelp.h; sourceTree = "<group>"; };
		9ACFF9A31E231435009C3E8B /* McryptHelp.m */ = {isa = PBXFileReference; fileEncoding = 4; lastKnownFileType = sourcecode.c.objc; path = McryptHelp.m; sourceTree = "<group>"; };
		9ACFF9A41E231435009C3E8B /* Podfile */ = {isa = PBXFileReference; fileEncoding = 4; lastKnownFileType = text; path = Podfile; sourceTree = "<group>"; };
		9ACFF9A51E231435009C3E8B /* UIView+hud.h */ = {isa = PBXFileReference; fileEncoding = 4; lastKnownFileType = sourcecode.c.h; path = "UIView+hud.h"; sourceTree = "<group>"; };
		9ACFF9A61E231435009C3E8B /* UIView+hud.m */ = {isa = PBXFileReference; fileEncoding = 4; lastKnownFileType = sourcecode.c.objc; path = "UIView+hud.m"; sourceTree = "<group>"; };
		9ACFF9A71E231435009C3E8B /* UIViewController+hud.h */ = {isa = PBXFileReference; fileEncoding = 4; lastKnownFileType = sourcecode.c.h; path = "UIViewController+hud.h"; sourceTree = "<group>"; };
		9ACFF9A81E231435009C3E8B /* UIViewController+hud.m */ = {isa = PBXFileReference; fileEncoding = 4; lastKnownFileType = sourcecode.c.objc; path = "UIViewController+hud.m"; sourceTree = "<group>"; };
/* End PBXFileReference section */

/* Begin PBXFrameworksBuildPhase section */
		9ACFF9351E230F3B009C3E8B /* Frameworks */ = {
			isa = PBXFrameworksBuildPhase;
			buildActionMask = 2147483647;
			files = (
			);
			runOnlyForDeploymentPostprocessing = 0;
		};
		9ACFF94E1E230F3B009C3E8B /* Frameworks */ = {
			isa = PBXFrameworksBuildPhase;
			buildActionMask = 2147483647;
			files = (
			);
			runOnlyForDeploymentPostprocessing = 0;
		};
		9ACFF9591E230F3B009C3E8B /* Frameworks */ = {
			isa = PBXFrameworksBuildPhase;
			buildActionMask = 2147483647;
			files = (
			);
			runOnlyForDeploymentPostprocessing = 0;
		};
/* End PBXFrameworksBuildPhase section */

/* Begin PBXGroup section */
		9ACFF92F1E230F3B009C3E8B = {
			isa = PBXGroup;
			children = (
				9ACFF93A1E230F3B009C3E8B /* FF */,
				9ACFF9541E230F3B009C3E8B /* FFTests */,
				9ACFF95F1E230F3B009C3E8B /* FFUITests */,
				9ACFF9391E230F3B009C3E8B /* Products */,
			);
			sourceTree = "<group>";
		};
		9ACFF9391E230F3B009C3E8B /* Products */ = {
			isa = PBXGroup;
			children = (
				9ACFF9381E230F3B009C3E8B /* FF.app */,
				9ACFF9511E230F3B009C3E8B /* FFTests.xctest */,
				9ACFF95C1E230F3B009C3E8B /* FFUITests.xctest */,
			);
			name = Products;
			sourceTree = "<group>";
		};
		9ACFF93A1E230F3B009C3E8B /* FF */ = {
			isa = PBXGroup;
			children = (
				9ACFF99D1E231434009C3E8B /* Helpers */,
				9ACFF98F1E231260009C3E8B /* QR */,
				9ACFF93E1E230F3B009C3E8B /* AppDelegate.h */,
				9ACFF93F1E230F3B009C3E8B /* AppDelegate.m */,
				9ACFF99A1E231296009C3E8B /* ViewController.h */,
				9ACFF99B1E231296009C3E8B /* ViewController.m */,
				9ACFF9441E230F3B009C3E8B /* Main.storyboard */,
				9ACFF9471E230F3B009C3E8B /* Assets.xcassets */,
				9ACFF9491E230F3B009C3E8B /* LaunchScreen.storyboard */,
				9ACFF94C1E230F3B009C3E8B /* Info.plist */,
				9ACFF93B1E230F3B009C3E8B /* Supporting Files */,
			);
			path = FF;
			sourceTree = "<group>";
		};
		9ACFF93B1E230F3B009C3E8B /* Supporting Files */ = {
			isa = PBXGroup;
			children = (
				9ACFF93C1E230F3B009C3E8B /* main.m */,
			);
			name = "Supporting Files";
			sourceTree = "<group>";
		};
		9ACFF9541E230F3B009C3E8B /* FFTests */ = {
			isa = PBXGroup;
			children = (
				9ACFF9551E230F3B009C3E8B /* FFTests.m */,
				9ACFF9571E230F3B009C3E8B /* Info.plist */,
			);
			path = FFTests;
			sourceTree = "<group>";
		};
		9ACFF95F1E230F3B009C3E8B /* FFUITests */ = {
			isa = PBXGroup;
			children = (
				9ACFF9601E230F3B009C3E8B /* FFUITests.m */,
				9ACFF9621E230F3B009C3E8B /* Info.plist */,
			);
			path = FFUITests;
			sourceTree = "<group>";
		};
		9ACFF98F1E231260009C3E8B /* QR */ = {
			isa = PBXGroup;
			children = (
				9ACFF9901E231260009C3E8B /* QRView.h */,
				9ACFF9911E231260009C3E8B /* QRView.m */,
				9ACFF9921E231260009C3E8B /* scanLine@2x.png */,
				9ACFF9931E231260009C3E8B /* scanscanBg.png */,
				9ACFF9941E231260009C3E8B /* UIImage+QRCode.h */,
				9ACFF9951E231260009C3E8B /* UIImage+QRCode.m */,
			);
			path = QR;
			sourceTree = "<group>";
		};
		9ACFF99D1E231434009C3E8B /* Helpers */ = {
			isa = PBXGroup;
			children = (
				9ACFF99E1E231434009C3E8B /* GlobalHelp.h */,
				9ACFF99F1E231434009C3E8B /* GlobalHelp.m */,
				9ACFF9A01E231434009C3E8B /* HTTPClient.h */,
				9ACFF9A11E231434009C3E8B /* HTTPClient.m */,
				9ACFF9A21E231434009C3E8B /* McryptHelp.h */,
				9ACFF9A31E231435009C3E8B /* McryptHelp.m */,
				9ACFF9A41E231435009C3E8B /* Podfile */,
				9ACFF9A51E231435009C3E8B /* UIView+hud.h */,
				9ACFF9A61E231435009C3E8B /* UIView+hud.m */,
				9ACFF9A71E231435009C3E8B /* UIViewController+hud.h */,
				9ACFF9A81E231435009C3E8B /* UIViewController+hud.m */,
			);
			path = Helpers;
			sourceTree = "<group>";
		};
/* End PBXGroup section */

/* Begin PBXNativeTarget section */
		9ACFF9371E230F3B009C3E8B /* FF */ = {
			isa = PBXNativeTarget;
			buildConfigurationList = 9ACFF9651E230F3B009C3E8B /* Build configuration list for PBXNativeTarget "FF" */;
			buildPhases = (
				9ACFF9341E230F3B009C3E8B /* Sources */,
				9ACFF9351E230F3B009C3E8B /* Frameworks */,
				9ACFF9361E230F3B009C3E8B /* Resources */,
			);
			buildRules = (
			);
			dependencies = (
			);
			name = FF;
			productName = FF;
			productReference = 9ACFF9381E230F3B009C3E8B /* FF.app */;
			productType = "com.apple.product-type.application";
		};
		9ACFF9501E230F3B009C3E8B /* FFTests */ = {
			isa = PBXNativeTarget;
			buildConfigurationList = 9ACFF9681E230F3B009C3E8B /* Build configuration list for PBXNativeTarget "FFTests" */;
			buildPhases = (
				9ACFF94D1E230F3B009C3E8B /* Sources */,
				9ACFF94E1E230F3B009C3E8B /* Frameworks */,
				9ACFF94F1E230F3B009C3E8B /* Resources */,
			);
			buildRules = (
			);
			dependencies = (
				9ACFF9531E230F3B009C3E8B /* PBXTargetDependency */,
			);
			name = FFTests;
			productName = FFTests;
			productReference = 9ACFF9511E230F3B009C3E8B /* FFTests.xctest */;
			productType = "com.apple.product-type.bundle.unit-test";
		};
		9ACFF95B1E230F3B009C3E8B /* FFUITests */ = {
			isa = PBXNativeTarget;
			buildConfigurationList = 9ACFF96B1E230F3B009C3E8B /* Build configuration list for PBXNativeTarget "FFUITests" */;
			buildPhases = (
				9ACFF9581E230F3B009C3E8B /* Sources */,
				9ACFF9591E230F3B009C3E8B /* Frameworks */,
				9ACFF95A1E230F3B009C3E8B /* Resources */,
			);
			buildRules = (
			);
			dependencies = (
				9ACFF95E1E230F3B009C3E8B /* PBXTargetDependency */,
			);
			name = FFUITests;
			productName = FFUITests;
			productReference = 9ACFF95C1E230F3B009C3E8B /* FFUITests.xctest */;
			productType = "com.apple.product-type.bundle.ui-testing";
		};
/* End PBXNativeTarget section */

/* Begin PBXProject section */
		9ACFF9301E230F3B009C3E8B /* Project object */ = {
			isa = PBXProject;
			attributes = {
				LastUpgradeCheck = 0820;
				ORGANIZATIONNAME = TTT;
				TargetAttributes = {
					9ACFF9371E230F3B009C3E8B = {
						CreatedOnToolsVersion = 8.2.1;
						ProvisioningStyle = Automatic;
					};
					9ACFF9501E230F3B009C3E8B = {
						CreatedOnToolsVersion = 8.2.1;
						ProvisioningStyle = Automatic;
						TestTargetID = 9ACFF9371E230F3B009C3E8B;
					};
					9ACFF95B1E230F3B009C3E8B = {
						CreatedOnToolsVersion = 8.2.1;
						ProvisioningStyle = Automatic;
						TestTargetID = 9ACFF9371E230F3B009C3E8B;
					};
				};
			};
			buildConfigurationList = 9ACFF9331E230F3B009C3E8B /* Build configuration list for PBXProject "FF" */;
			compatibilityVersion = "Xcode 3.2";
			developmentRegion = English;
			hasScannedForEncodings = 0;
			knownRegions = (
				en,
				Base,
			);
			mainGroup = 9ACFF92F1E230F3B009C3E8B;
			productRefGroup = 9ACFF9391E230F3B009C3E8B /* Products */;
			projectDirPath = "";
			projectRoot = "";
			targets = (
				9ACFF9371E230F3B009C3E8B /* FF */,
				9ACFF9501E230F3B009C3E8B /* FFTests */,
				9ACFF95B1E230F3B009C3E8B /* FFUITests */,
			);
		};
/* End PBXProject section */

/* Begin PBXResourcesBuildPhase section */
		9ACFF9361E230F3B009C3E8B /* Resources */ = {
			isa = PBXResourcesBuildPhase;
			buildActionMask = 2147483647;
			files = (
				9ACFF9AC1E231435009C3E8B /* Podfile in Resources */,
				9ACFF94B1E230F3B009C3E8B /* LaunchScreen.storyboard in Resources */,
				9ACFF9481E230F3B009C3E8B /* Assets.xcassets in Resources */,
				9ACFF9971E231260009C3E8B /* scanLine@2x.png in Resources */,
				9ACFF9981E231260009C3E8B /* scanscanBg.png in Resources */,
				9ACFF9461E230F3B009C3E8B /* Main.storyboard in Resources */,
			);
			runOnlyForDeploymentPostprocessing = 0;
		};
		9ACFF94F1E230F3B009C3E8B /* Resources */ = {
			isa = PBXResourcesBuildPhase;
			buildActionMask = 2147483647;
			files = (
			);
			runOnlyForDeploymentPostprocessing = 0;
		};
		9ACFF95A1E230F3B009C3E8B /* Resources */ = {
			isa = PBXResourcesBuildPhase;
			buildActionMask = 2147483647;
			files = (
			);
			runOnlyForDeploymentPostprocessing = 0;
		};
/* End PBXResourcesBuildPhase section */

/* Begin PBXSourcesBuildPhase section */
		9ACFF9341E230F3B009C3E8B /* Sources */ = {
			isa = PBXSourcesBuildPhase;
			buildActionMask = 2147483647;
			files = (
				9ACFF99C1E231296009C3E8B /* ViewController.m in Sources */,
				9ACFF9A91E231435009C3E8B /* GlobalHelp.m in Sources */,
				9ACFF9961E231260009C3E8B /* QRView.m in Sources */,
				9ACFF9401E230F3B009C3E8B /* AppDelegate.m in Sources */,
				9ACFF9AE1E231435009C3E8B /* UIViewController+hud.m in Sources */,
				9ACFF93D1E230F3B009C3E8B /* main.m in Sources */,
				9ACFF9991E231260009C3E8B /* UIImage+QRCode.m in Sources */,
				9ACFF9AD1E231435009C3E8B /* UIView+hud.m in Sources */,
				9ACFF9AA1E231435009C3E8B /* HTTPClient.m in Sources */,
				9ACFF9AB1E231435009C3E8B /* McryptHelp.m in Sources */,
			);
			runOnlyForDeploymentPostprocessing = 0;
		};
		9ACFF94D1E230F3B009C3E8B /* Sources */ = {
			isa = PBXSourcesBuildPhase;
			buildActionMask = 2147483647;
			files = (
				9ACFF9561E230F3B009C3E8B /* FFTests.m in Sources */,
			);
			runOnlyForDeploymentPostprocessing = 0;
		};
		9ACFF9581E230F3B009C3E8B /* Sources */ = {
			isa = PBXSourcesBuildPhase;
			buildActionMask = 2147483647;
			files = (
				9ACFF9611E230F3B009C3E8B /* FFUITests.m in Sources */,
			);
			runOnlyForDeploymentPostprocessing = 0;
		};
/* End PBXSourcesBuildPhase section */

/* Begin PBXTargetDependency section */
		9ACFF9531E230F3B009C3E8B /* PBXTargetDependency */ = {
			isa = PBXTargetDependency;
			target = 9ACFF9371E230F3B009C3E8B /* FF */;
			targetProxy = 9ACFF9521E230F3B009C3E8B /* PBXContainerItemProxy */;
		};
		9ACFF95E1E230F3B009C3E8B /* PBXTargetDependency */ = {
			isa = PBXTargetDependency;
			target = 9ACFF9371E230F3B009C3E8B /* FF */;
			targetProxy = 9ACFF95D1E230F3B009C3E8B /* PBXContainerItemProxy */;
		};
/* End PBXTargetDependency section */

/* Begin PBXVariantGroup section */
		9ACFF9441E230F3B009C3E8B /* Main.storyboard */ = {
			isa = PBXVariantGroup;
			children = (
				9ACFF9451E230F3B009C3E8B /* Base */,
			);
			name = Main.storyboard;
			sourceTree = "<group>";
		};
		9ACFF9491E230F3B009C3E8B /* LaunchScreen.storyboard */ = {
			isa = PBXVariantGroup;
			children = (
				9ACFF94A1E230F3B009C3E8B /* Base */,
			);
			name = LaunchScreen.storyboard;
			sourceTree = "<group>";
		};
/* End PBXVariantGroup section */

/* Begin XCBuildConfiguration section */
		9ACFF9631E230F3B009C3E8B /* Debug */ = {
			isa = XCBuildConfiguration;
			buildSettings = {
				ALWAYS_SEARCH_USER_PATHS = NO;
				CLANG_ANALYZER_NONNULL = YES;
				CLANG_CXX_LANGUAGE_STANDARD = "gnu++0x";
				CLANG_CXX_LIBRARY = "libc++";
				CLANG_ENABLE_MODULES = YES;
				CLANG_ENABLE_OBJC_ARC = YES;
				CLANG_WARN_BOOL_CONVERSION = YES;
				CLANG_WARN_CONSTANT_CONVERSION = YES;
				CLANG_WARN_DIRECT_OBJC_ISA_USAGE = YES_ERROR;
				CLANG_WARN_DOCUMENTATION_COMMENTS = YES;
				CLANG_WARN_EMPTY_BODY = YES;
				CLANG_WARN_ENUM_CONVERSION = YES;
				CLANG_WARN_INFINITE_RECURSION = YES;
				CLANG_WARN_INT_CONVERSION = YES;
				CLANG_WARN_OBJC_ROOT_CLASS = YES_ERROR;
				CLANG_WARN_SUSPICIOUS_MOVE = YES;
				CLANG_WARN_UNREACHABLE_CODE = YES;
				CLANG_WARN__DUPLICATE_METHOD_MATCH = YES;
				"CODE_SIGN_IDENTITY[sdk=iphoneos*]" = "iPhone Developer";
				COPY_PHASE_STRIP = NO;
				DEBUG_INFORMATION_FORMAT = dwarf;
				ENABLE_STRICT_OBJC_MSGSEND = YES;
				ENABLE_TESTABILITY = YES;
				GCC_C_LANGUAGE_STANDARD = gnu99;
				GCC_DYNAMIC_NO_PIC = NO;
				GCC_NO_COMMON_BLOCKS = YES;
				GCC_OPTIMIZATION_LEVEL = 0;
				GCC_PREPROCESSOR_DEFINITIONS = (
					"DEBUG=1",
					"$(inherited)",
				);
				GCC_WARN_64_TO_32_BIT_CONVERSION = YES;
				GCC_WARN_ABOUT_RETURN_TYPE = YES_ERROR;
				GCC_WARN_UNDECLARED_SELECTOR = YES;
				GCC_WARN_UNINITIALIZED_AUTOS = YES_AGGRESSIVE;
				GCC_WARN_UNUSED_FUNCTION = YES;
				GCC_WARN_UNUSED_VARIABLE = YES;
				IPHONEOS_DEPLOYMENT_TARGET = 10.2;
				MTL_ENABLE_DEBUG_INFO = YES;
				ONLY_ACTIVE_ARCH = YES;
				SDKROOT = iphoneos;
				TARGETED_DEVICE_FAMILY = "1,2";
			};
			name = Debug;
		};
		9ACFF9641E230F3B009C3E8B /* Release */ = {
			isa = XCBuildConfiguration;
			buildSettings = {
				ALWAYS_SEARCH_USER_PATHS = NO;
				CLANG_ANALYZER_NONNULL = YES;
				CLANG_CXX_LANGUAGE_STANDARD = "gnu++0x";
				CLANG_CXX_LIBRARY = "libc++";
				CLANG_ENABLE_MODULES = YES;
				CLANG_ENABLE_OBJC_ARC = YES;
				CLANG_WARN_BOOL_CONVERSION = YES;
				CLANG_WARN_CONSTANT_CONVERSION = YES;
				CLANG_WARN_DIRECT_OBJC_ISA_USAGE = YES_ERROR;
				CLANG_WARN_DOCUMENTATION_COMMENTS = YES;
				CLANG_WARN_EMPTY_BODY = YES;
				CLANG_WARN_ENUM_CONVERSION = YES;
				CLANG_WARN_INFINITE_RECURSION = YES;
				CLANG_WARN_INT_CONVERSION = YES;
				CLANG_WARN_OBJC_ROOT_CLASS = YES_ERROR;
				CLANG_WARN_SUSPICIOUS_MOVE = YES;
				CLANG_WARN_UNREACHABLE_CODE = YES;
				CLANG_WARN__DUPLICATE_METHOD_MATCH = YES;
				"CODE_SIGN_IDENTITY[sdk=iphoneos*]" = "iPhone Developer";
				COPY_PHASE_STRIP = NO;
				DEBUG_INFORMATION_FORMAT = "dwarf-with-dsym";
				ENABLE_NS_ASSERTIONS = NO;
				ENABLE_STRICT_OBJC_MSGSEND = YES;
				GCC_C_LANGUAGE_STANDARD = gnu99;
				GCC_NO_COMMON_BLOCKS = YES;
				GCC_WARN_64_TO_32_BIT_CONVERSION = YES;
				GCC_WARN_ABOUT_RETURN_TYPE = YES_ERROR;
				GCC_WARN_UNDECLARED_SELECTOR = YES;
				GCC_WARN_UNINITIALIZED_AUTOS = YES_AGGRESSIVE;
				GCC_WARN_UNUSED_FUNCTION = YES;
				GCC_WARN_UNUSED_VARIABLE = YES;
				IPHONEOS_DEPLOYMENT_TARGET = 10.2;
				MTL_ENABLE_DEBUG_INFO = NO;
				SDKROOT = iphoneos;
				TARGETED_DEVICE_FAMILY = "1,2";
				VALIDATE_PRODUCT = YES;
			};
			name = Release;
		};
		9ACFF9661E230F3B009C3E8B /* Debug */ = {
			isa = XCBuildConfiguration;
			buildSettings = {
				ASSETCATALOG_COMPILER_APPICON_NAME = AppIcon;
				INFOPLIST_FILE = FF/Info.plist;
				LD_RUNPATH_SEARCH_PATHS = "$(inherited) @executable_path/Frameworks";
				PRODUCT_BUNDLE_IDENTIFIER = com.Tov.FF;
				PRODUCT_NAME = "$(TARGET_NAME)";
			};
			name = Debug;
		};
		9ACFF9671E230F3B009C3E8B /* Release */ = {
			isa = XCBuildConfiguration;
			buildSettings = {
				ASSETCATALOG_COMPILER_APPICON_NAME = AppIcon;
				INFOPLIST_FILE = FF/Info.plist;
				LD_RUNPATH_SEARCH_PATHS = "$(inherited) @executable_path/Frameworks";
				PRODUCT_BUNDLE_IDENTIFIER = com.Tov.FF;
				PRODUCT_NAME = "$(TARGET_NAME)";
			};
			name = Release;
		};
		9ACFF9691E230F3B009C3E8B /* Debug */ = {
			isa = XCBuildConfiguration;
			buildSettings = {
				BUNDLE_LOADER = "$(TEST_HOST)";
				INFOPLIST_FILE = FFTests/Info.plist;
				LD_RUNPATH_SEARCH_PATHS = "$(inherited) @executable_path/Frameworks @loader_path/Frameworks";
				PRODUCT_BUNDLE_IDENTIFIER = com.Tov.FFTests;
				PRODUCT_NAME = "$(TARGET_NAME)";
				TEST_HOST = "$(BUILT_PRODUCTS_DIR)/FF.app/FF";
			};
			name = Debug;
		};
		9ACFF96A1E230F3B009C3E8B /* Release */ = {
			isa = XCBuildConfiguration;
			buildSettings = {
				BUNDLE_LOADER = "$(TEST_HOST)";
				INFOPLIST_FILE = FFTests/Info.plist;
				LD_RUNPATH_SEARCH_PATHS = "$(inherited) @executable_path/Frameworks @loader_path/Frameworks";
				PRODUCT_BUNDLE_IDENTIFIER = com.Tov.FFTests;
				PRODUCT_NAME = "$(TARGET_NAME)";
				TEST_HOST = "$(BUILT_PRODUCTS_DIR)/FF.app/FF";
			};
			name = Release;
		};
		9ACFF96C1E230F3B009C3E8B /* Debug */ = {
			isa = XCBuildConfiguration;
			buildSettings = {
				INFOPLIST_FILE = FFUITests/Info.plist;
				LD_RUNPATH_SEARCH_PATHS = "$(inherited) @executable_path/Frameworks @loader_path/Frameworks";
				PRODUCT_BUNDLE_IDENTIFIER = com.Tov.FFUITests;
				PRODUCT_NAME = "$(TARGET_NAME)";
				TEST_TARGET_NAME = FF;
			};
			name = Debug;
		};
		9ACFF96D1E230F3B009C3E8B /* Release */ = {
			isa = XCBuildConfiguration;
			buildSettings = {
				INFOPLIST_FILE = FFUITests/Info.plist;
				LD_RUNPATH_SEARCH_PATHS = "$(inherited) @executable_path/Frameworks @loader_path/Frameworks";
				PRODUCT_BUNDLE_IDENTIFIER = com.Tov.FFUITests;
				PRODUCT_NAME = "$(TARGET_NAME)";
				TEST_TARGET_NAME = FF;
			};
			name = Release;
		};
/* End XCBuildConfiguration section */

/* Begin XCConfigurationList section */
		9ACFF9331E230F3B009C3E8B /* Build configuration list for PBXProject "FF" */ = {
			isa = XCConfigurationList;
			buildConfigurations = (
				9ACFF9631E230F3B009C3E8B /* Debug */,
				9ACFF9641E230F3B009C3E8B /* Release */,
			);
			defaultConfigurationIsVisible = 0;
			defaultConfigurationName = Release;
		};
		9ACFF9651E230F3B009C3E8B /* Build configuration list for PBXNativeTarget "FF" */ = {
			isa = XCConfigurationList;
			buildConfigurations = (
				9ACFF9661E230F3B009C3E8B /* Debug */,
				9ACFF9671E230F3B009C3E8B /* Release */,
			);
			defaultConfigurationIsVisible = 0;
			defaultConfigurationName = Release;
		};
		9ACFF9681E230F3B009C3E8B /* Build configuration list for PBXNativeTarget "FFTests" */ = {
			isa = XCConfigurationList;
			buildConfigurations = (
				9ACFF9691E230F3B009C3E8B /* Debug */,
				9ACFF96A1E230F3B009C3E8B /* Release */,
			);
			defaultConfigurationIsVisible = 0;
			defaultConfigurationName = Release;
		};
		9ACFF96B1E230F3B009C3E8B /* Build configuration list for PBXNativeTarget "FFUITests" */ = {
			isa = XCConfigurationList;
			buildConfigurations = (
				9ACFF96C1E230F3B009C3E8B /* Debug */,
				9ACFF96D1E230F3B009C3E8B /* Release */,
			);
			defaultConfigurationIsVisible = 0;
			defaultConfigurationName = Release;
		};
/* End XCConfigurationList section */
	};
	rootObject = 9ACFF9301E230F3B009C3E8B /* Project object */;
}
